
Microsoft Visual Studio Solution File, Format Version 12.00
Project("{FAE04EC0-301F-11D3-BF4B-00C04F79EFBC}") = "PokedexChat", "PokedexChat\PokedexChat.csproj", "{203C6116-875A-40E1-AE3F-ED55E7D08792}"
EndProject
Global
	GlobalSection(SolutionConfigurationPlatforms) = preSolution
		Debug|Any CPU = Debug|Any CPU
		Release|Any CPU = Release|Any CPU
	EndGlobalSection
	GlobalSection(ProjectConfigurationPlatforms) = postSolution
		{203C6116-875A-40E1-AE3F-ED55E7D08792}.Debug|Any CPU.ActiveCfg = Debug|Any CPU
		{203C6116-875A-40E1-AE3F-ED55E7D08792}.Debug|Any CPU.Build.0 = Debug|Any CPU
		{203C6116-875A-40E1-AE3F-ED55E7D08792}.Release|Any CPU.ActiveCfg = Release|Any CPU
		{203C6116-875A-40E1-AE3F-ED55E7D08792}.Release|Any CPU.Build.0 = Release|Any CPU
	EndGlobalSection
EndGlobal
